
Microsoft Visual Studio Solution File, Format Version 12.00
# Visual Studio Version 17
VisualStudioVersion = 17.9.34607.119
MinimumVisualStudioVersion = 10.0.40219.1
Project("{FAE04EC0-301F-11D3-BF4B-00C04F79EFBC}") = "ProductReview.API", "ProductReview.API\ProductReview.API.csproj", "{0126DCA9-93BD-428A-A8C7-E1A75750EAA2}"
EndProject
Project("{FAE04EC0-301F-11D3-BF4B-00C04F79EFBC}") = "ProductReview.Domain", "ProductReview.Domain\ProductReview.Domain.csproj", "{56D1F554-D16A-4DC3-939C-73693AFC046E}"
EndProject
Project("{FAE04EC0-301F-11D3-BF4B-00C04F79EFBC}") = "ProductReview.Infrastruct", "ProductReview.Infrastruct\ProductReview.Infrastruct.csproj", "{17F1B1C6-EA3C-4418-8C8F-11588827A75F}"
EndProject
Project("{FAE04EC0-301F-11D3-BF4B-00C04F79EFBC}") = "ProductReview.Application", "ProductReview.Application\ProductReview.Application.csproj", "{C9CCDC75-9A3C-4C3E-90ED-60B7F70469C8}"
EndProject
Global
	GlobalSection(SolutionConfigurationPlatforms) = preSolution
		Debug|Any CPU = Debug|Any CPU
		Release|Any CPU = Release|Any CPU
	EndGlobalSection
	GlobalSection(ProjectConfigurationPlatforms) = postSolution
		{0126DCA9-93BD-428A-A8C7-E1A75750EAA2}.Debug|Any CPU.ActiveCfg = Debug|Any CPU
		{0126DCA9-93BD-428A-A8C7-E1A75750EAA2}.Debug|Any CPU.Build.0 = Debug|Any CPU
		{0126DCA9-93BD-428A-A8C7-E1A75750EAA2}.Release|Any CPU.ActiveCfg = Release|Any CPU
		{0126DCA9-93BD-428A-A8C7-E1A75750EAA2}.Release|Any CPU.Build.0 = Release|Any CPU
		{56D1F554-D16A-4DC3-939C-73693AFC046E}.Debug|Any CPU.ActiveCfg = Debug|Any CPU
		{56D1F554-D16A-4DC3-939C-73693AFC046E}.Debug|Any CPU.Build.0 = Debug|Any CPU
		{56D1F554-D16A-4DC3-939C-73693AFC046E}.Release|Any CPU.ActiveCfg = Release|Any CPU
		{56D1F554-D16A-4DC3-939C-73693AFC046E}.Release|Any CPU.Build.0 = Release|Any CPU
		{17F1B1C6-EA3C-4418-8C8F-11588827A75F}.Debug|Any CPU.ActiveCfg = Debug|Any CPU
		{17F1B1C6-EA3C-4418-8C8F-11588827A75F}.Debug|Any CPU.Build.0 = Debug|Any CPU
		{17F1B1C6-EA3C-4418-8C8F-11588827A75F}.Release|Any CPU.ActiveCfg = Release|Any CPU
		{17F1B1C6-EA3C-4418-8C8F-11588827A75F}.Release|Any CPU.Build.0 = Release|Any CPU
		{C9CCDC75-9A3C-4C3E-90ED-60B7F70469C8}.Debug|Any CPU.ActiveCfg = Debug|Any CPU
		{C9CCDC75-9A3C-4C3E-90ED-60B7F70469C8}.Debug|Any CPU.Build.0 = Debug|Any CPU
		{C9CCDC75-9A3C-4C3E-90ED-60B7F70469C8}.Release|Any CPU.ActiveCfg = Release|Any CPU
		{C9CCDC75-9A3C-4C3E-90ED-60B7F70469C8}.Release|Any CPU.Build.0 = Release|Any CPU
	EndGlobalSection
	GlobalSection(SolutionProperties) = preSolution
		HideSolutionNode = FALSE
	EndGlobalSection
	GlobalSection(ExtensibilityGlobals) = postSolution
		SolutionGuid = {76AC2178-6637-47B1-91FE-9068C700AFDF}
	EndGlobalSection
EndGlobal
